<?xml version="1.0" encoding="utf-8"?>
<Project ToolsVersion="4.0" xmlns="http://schemas.microsoft.com/developer/msbuild/2003">
  <ItemGroup>
    <ClCompile Include="src\ofApp.cpp">
      <Filter>src</Filter>
    </ClCompile>
    <ClCompile Include="src\main.cpp">
      <Filter>src</Filter>
    </ClCompile>
    <ClCompile Include="..\libs\imgui\src\imgui.cpp">
      <Filter>addons\ofxImGui\libs\imgui\src</Filter>
    </ClCompile>
    <ClCompile Include="..\libs\imgui\src\imgui_demo.cpp">
      <Filter>addons\ofxImGui\libs\imgui\src</Filter>
    </ClCompile>
    <ClCompile Include="..\libs\imgui\src\imgui_draw.cpp">
      <Filter>addons\ofxImGui\libs\imgui\src</Filter>
    </ClCompile>
    <ClCompile Include="..\src\BaseEngine.cpp">
      <Filter>addons\ofxImGui\src</Filter>
    </ClCompile>
    <ClCompile Include="..\src\BaseTheme.cpp">
      <Filter>addons\ofxImGui\src</Filter>
    </ClCompile>
    <ClCompile Include="..\src\EngineGLFW.cpp">
      <Filter>addons\ofxImGui\src</Filter>
    </ClCompile>
    <ClCompile Include="..\src\EngineOpenGLES.cpp">
      <Filter>addons\ofxImGui\src</Filter>
    </ClCompile>
    <ClCompile Include="..\src\Gui.cpp">
      <Filter>addons\ofxImGui\src</Filter>
    </ClCompile>
    <ClCompile Include="..\src\Helpers.cpp">
      <Filter>addons\ofxImGui\src</Filter>
    </ClCompile>
  </ItemGroup>
  <ItemGroup>
    <Filter Include="src">
      <UniqueIdentifier>{d8376475-7454-4a24-b08a-aac121d3ad6f}</UniqueIdentifier>
    </Filter>
    <Filter Include="addons">
      <UniqueIdentifier>{fca9489c-8613-45a1-be10-4a0b10667e53}</UniqueIdentifier>
    </Filter>
    <Filter Include="addons\ofxImGui">
      <UniqueIdentifier>{65c6a585-5599-4e8e-acd2-55bc365c334d}</UniqueIdentifier>
    </Filter>
    <Filter Include="addons\ofxImGui\src">
      <UniqueIdentifier>{39964b38-f08f-4fe5-8418-ddd5131810e2}</UniqueIdentifier>
    </Filter>
    <Filter Include="addons\ofxImGui\libs">
      <UniqueIdentifier>{47fa2358-e2d6-4a01-bb70-25d330831a61}</UniqueIdentifier>
    </Filter>
    <Filter Include="addons\ofxImGui\libs\imgui">
      <UniqueIdentifier>{403408d9-7288-4dad-b906-0c3cee363dc2}</UniqueIdentifier>
    </Filter>
    <Filter Include="addons\ofxImGui\libs\imgui\src">
      <UniqueIdentifier>{ef257726-8a1c-41e7-8e73-0eeb6ceb7615}</UniqueIdentifier>
    </Filter>
  </ItemGroup>
  <ItemGroup>
    <ClInclude Include="src\ofApp.h">
      <Filter>src</Filter>
    </ClInclude>
    <ClInclude Include="..\libs\imgui\src\imgui.h">
      <Filter>addons\ofxImGui\libs\imgui\src</Filter>
    </ClInclude>
    <ClInclude Include="..\libs\imgui\src\imgui_internal.h">
      <Filter>addons\ofxImGui\libs\imgui\src</Filter>
    </ClInclude>
    <ClInclude Include="..\libs\imgui\src\stb_rect_pack.h">
      <Filter>addons\ofxImGui\libs\imgui\src</Filter>
    </ClInclude>
    <ClInclude Include="..\libs\imgui\src\stb_textedit.h">
      <Filter>addons\ofxImGui\libs\imgui\src</Filter>
    </ClInclude>
    <ClInclude Include="..\libs\imgui\src\stb_truetype.h">
      <Filter>addons\ofxImGui\libs\imgui\src</Filter>
    </ClInclude>
    <ClInclude Include="..\src\ofxImGui.h">
      <Filter>addons\ofxImGui\src</Filter>
    </ClInclude>
    <ClInclude Include="..\src\ofxImGui\imconfig.h">
      <Filter>addons\ofxImGui\src</Filter>
    </ClInclude>
    <ClInclude Include="..\src\ThemeTest.h">
      <Filter>addons\ofxImGui\src</Filter>
    </ClInclude>
    <ClInclude Include="..\src\BaseEngine.h">
      <Filter>addons\ofxImGui\src</Filter>
    </ClInclude>
    <ClInclude Include="..\src\BaseTheme.h">
      <Filter>addons\ofxImGui\src</Filter>
    </ClInclude>
    <ClInclude Include="..\src\EngineGLFW.h">
      <Filter>addons\ofxImGui\src</Filter>
    </ClInclude>
    <ClInclude Include="..\src\EngineOpenGLES.h">
      <Filter>addons\ofxImGui\src</Filter>
    </ClInclude>
    <ClInclude Include="..\src\Gui.h">
      <Filter>addons\ofxImGui\src</Filter>
    </ClInclude>
    <ClInclude Include="..\src\Helpers.h">
      <Filter>addons\ofxImGui\src</Filter>
    </ClInclude>
  </ItemGroup>
  <ItemGroup>
    <ResourceCompile Include="icon.rc" />
  </ItemGroup>
</Project>